
Microsoft Visual Studio Solution File, Format Version 12.00
# Visual Studio Version 17
VisualStudioVersion = 17.7.34031.279
MinimumVisualStudioVersion = 10.0.40219.1
Project("{9A19103F-16F7-4668-BE54-9A1E7A4F7556}") = "AvatarCollections", "eTickets\AvatarCollections.csproj", "{18C8B982-DDDC-40D5-AC84-F0827538CE11}"
EndProject
Global
	GlobalSection(SolutionConfigurationPlatforms) = preSolution
		Debug|Any CPU = Debug|Any CPU
		Release|Any CPU = Release|Any CPU
	EndGlobalSection
	GlobalSection(ProjectConfigurationPlatforms) = postSolution
		{18C8B982-DDDC-40D5-AC84-F0827538CE11}.Debug|Any CPU.ActiveCfg = Debug|Any CPU
		{18C8B982-DDDC-40D5-AC84-F0827538CE11}.Debug|Any CPU.Build.0 = Debug|Any CPU
		{18C8B982-DDDC-40D5-AC84-F0827538CE11}.Release|Any CPU.ActiveCfg = Release|Any CPU
		{18C8B982-DDDC-40D5-AC84-F0827538CE11}.Release|Any CPU.Build.0 = Release|Any CPU
	EndGlobalSection
	GlobalSection(SolutionProperties) = preSolution
		HideSolutionNode = FALSE
	EndGlobalSection
	GlobalSection(ExtensibilityGlobals) = postSolution
		SolutionGuid = {D1224C71-491C-42C8-B445-6EE6ECE3B6B2}
	EndGlobalSection
EndGlobal
